// !$*UTF8*$!
{
	archiveVersion = 1;
	classes = {
	};
	objectVersion = 56;
	objects = {

/* Begin PBXBuildFile section */
		56658C2C2B8A974400425FC1 /* Fetch_iOSApp.swift in Sources */ = {isa = PBXBuildFile; fileRef = 56658C2B2B8A974400425FC1 /* Fetch_iOSApp.swift */; };
		56658C2E2B8A974400425FC1 /* ContentView.swift in Sources */ = {isa = PBXBuildFile; fileRef = 56658C2D2B8A974400425FC1 /* ContentView.swift */; };
		56658C302B8A974600425FC1 /* Assets.xcassets in Resources */ = {isa = PBXBuildFile; fileRef = 56658C2F2B8A974600425FC1 /* Assets.xcassets */; };
		56658C332B8A974600425FC1 /* Preview Assets.xcassets in Resources */ = {isa = PBXBuildFile; fileRef = 56658C322B8A974600425FC1 /* Preview Assets.xcassets */; };
		56658C3D2B8A974600425FC1 /* Fetch_iOSTests.swift in Sources */ = {isa = PBXBuildFile; fileRef = 56658C3C2B8A974600425FC1 /* Fetch_iOSTests.swift */; };
		56658C472B8A974600425FC1 /* Fetch_iOSUITests.swift in Sources */ = {isa = PBXBuildFile; fileRef = 56658C462B8A974600425FC1 /* Fetch_iOSUITests.swift */; };
		56658C492B8A974600425FC1 /* Fetch_iOSUITestsLaunchTests.swift in Sources */ = {isa = PBXBuildFile; fileRef = 56658C482B8A974600425FC1 /* Fetch_iOSUITestsLaunchTests.swift */; };
		56658C5A2B8BB59300425FC1 /* CardView.swift in Sources */ = {isa = PBXBuildFile; fileRef = 56658C592B8BB59300425FC1 /* CardView.swift */; };
		56658C5C2B8BCD1900425FC1 /* DetailView.swift in Sources */ = {isa = PBXBuildFile; fileRef = 56658C5B2B8BCD1900425FC1 /* DetailView.swift */; };
/* End PBXBuildFile section */

/* Begin PBXContainerItemProxy section */
		56658C392B8A974600425FC1 /* PBXContainerItemProxy */ = {
			isa = PBXContainerItemProxy;
			containerPortal = 56658C202B8A974400425FC1 /* Project object */;
			proxyType = 1;
			remoteGlobalIDString = 56658C272B8A974400425FC1;
			remoteInfo = "Fetch-iOS";
		};
		56658C432B8A974600425FC1 /* PBXContainerItemProxy */ = {
			isa = PBXContainerItemProxy;
			containerPortal = 56658C202B8A974400425FC1 /* Project object */;
			proxyType = 1;
			remoteGlobalIDString = 56658C272B8A974400425FC1;
			remoteInfo = "Fetch-iOS";
		};
/* End PBXContainerItemProxy section */

/* Begin PBXFileReference section */
		56658C282B8A974400425FC1 /* Fetch-iOS.app */ = {isa = PBXFileReference; explicitFileType = wrapper.application; includeInIndex = 0; path = "Fetch-iOS.app"; sourceTree = BUILT_PRODUCTS_DIR; };
		56658C2B2B8A974400425FC1 /* Fetch_iOSApp.swift */ = {isa = PBXFileReference; lastKnownFileType = sourcecode.swift; path = Fetch_iOSApp.swift; sourceTree = "<group>"; };
		56658C2D2B8A974400425FC1 /* ContentView.swift */ = {isa = PBXFileReference; lastKnownFileType = sourcecode.swift; path = ContentView.swift; sourceTree = "<group>"; };
		56658C2F2B8A974600425FC1 /* Assets.xcassets */ = {isa = PBXFileReference; lastKnownFileType = folder.assetcatalog; path = Assets.xcassets; sourceTree = "<group>"; };
		56658C322B8A974600425FC1 /* Preview Assets.xcassets */ = {isa = PBXFileReference; lastKnownFileType = folder.assetcatalog; path = "Preview Assets.xcassets"; sourceTree = "<group>"; };
		56658C382B8A974600425FC1 /* Fetch-iOSTests.xctest */ = {isa = PBXFileReference; explicitFileType = wrapper.cfbundle; includeInIndex = 0; path = "Fetch-iOSTests.xctest"; sourceTree = BUILT_PRODUCTS_DIR; };
		56658C3C2B8A974600425FC1 /* Fetch_iOSTests.swift */ = {isa = PBXFileReference; lastKnownFileType = sourcecode.swift; path = Fetch_iOSTests.swift; sourceTree = "<group>"; };
		56658C422B8A974600425FC1 /* Fetch-iOSUITests.xctest */ = {isa = PBXFileReference; explicitFileType = wrapper.cfbundle; includeInIndex = 0; path = "Fetch-iOSUITests.xctest"; sourceTree = BUILT_PRODUCTS_DIR; };
		56658C462B8A974600425FC1 /* Fetch_iOSUITests.swift */ = {isa = PBXFileReference; lastKnownFileType = sourcecode.swift; path = Fetch_iOSUITests.swift; sourceTree = "<group>"; };
		56658C482B8A974600425FC1 /* Fetch_iOSUITestsLaunchTests.swift */ = {isa = PBXFileReference; lastKnownFileType = sourcecode.swift; path = Fetch_iOSUITestsLaunchTests.swift; sourceTree = "<group>"; };
		56658C592B8BB59300425FC1 /* CardView.swift */ = {isa = PBXFileReference; lastKnownFileType = sourcecode.swift; path = CardView.swift; sourceTree = "<group>"; };
		56658C5B2B8BCD1900425FC1 /* DetailView.swift */ = {isa = PBXFileReference; lastKnownFileType = sourcecode.swift; path = DetailView.swift; sourceTree = "<group>"; };
/* End PBXFileReference section */

/* Begin PBXFrameworksBuildPhase section */
		56658C252B8A974400425FC1 /* Frameworks */ = {
			isa = PBXFrameworksBuildPhase;
			buildActionMask = 2147483647;
			files = (
			);
			runOnlyForDeploymentPostprocessing = 0;
		};
		56658C352B8A974600425FC1 /* Frameworks */ = {
			isa = PBXFrameworksBuildPhase;
			buildActionMask = 2147483647;
			files = (
			);
			runOnlyForDeploymentPostprocessing = 0;
		};
		56658C3F2B8A974600425FC1 /* Frameworks */ = {
			isa = PBXFrameworksBuildPhase;
			buildActionMask = 2147483647;
			files = (
			);
			runOnlyForDeploymentPostprocessing = 0;
		};
/* End PBXFrameworksBuildPhase section */

/* Begin PBXGroup section */
		56658C1F2B8A974400425FC1 = {
			isa = PBXGroup;
			children = (
				56658C2A2B8A974400425FC1 /* Fetch-iOS */,
				56658C3B2B8A974600425FC1 /* Fetch-iOSTests */,
				56658C452B8A974600425FC1 /* Fetch-iOSUITests */,
				56658C292B8A974400425FC1 /* Products */,
			);
			sourceTree = "<group>";
		};
		56658C292B8A974400425FC1 /* Products */ = {
			isa = PBXGroup;
			children = (
				56658C282B8A974400425FC1 /* Fetch-iOS.app */,
				56658C382B8A974600425FC1 /* Fetch-iOSTests.xctest */,
				56658C422B8A974600425FC1 /* Fetch-iOSUITests.xctest */,
			);
			name = Products;
			sourceTree = "<group>";
		};
		56658C2A2B8A974400425FC1 /* Fetch-iOS */ = {
			isa = PBXGroup;
			children = (
				56658C2B2B8A974400425FC1 /* Fetch_iOSApp.swift */,
				56658C2D2B8A974400425FC1 /* ContentView.swift */,
				56658C2F2B8A974600425FC1 /* Assets.xcassets */,
				56658C312B8A974600425FC1 /* Preview Content */,
				56658C592B8BB59300425FC1 /* CardView.swift */,
				56658C5B2B8BCD1900425FC1 /* DetailView.swift */,
			);
			path = "Fetch-iOS";
			sourceTree = "<group>";
		};
		56658C312B8A974600425FC1 /* Preview Content */ = {
			isa = PBXGroup;
			children = (
				56658C322B8A974600425FC1 /* Preview Assets.xcassets */,
			);
			path = "Preview Content";
			sourceTree = "<group>";
		};
		56658C3B2B8A974600425FC1 /* Fetch-iOSTests */ = {
			isa = PBXGroup;
			children = (
				56658C3C2B8A974600425FC1 /* Fetch_iOSTests.swift */,
			);
			path = "Fetch-iOSTests";
			sourceTree = "<group>";
		};
		56658C452B8A974600425FC1 /* Fetch-iOSUITests */ = {
			isa = PBXGroup;
			children = (
				56658C462B8A974600425FC1 /* Fetch_iOSUITests.swift */,
				56658C482B8A974600425FC1 /* Fetch_iOSUITestsLaunchTests.swift */,
			);
			path = "Fetch-iOSUITests";
			sourceTree = "<group>";
		};
/* End PBXGroup section */

/* Begin PBXNativeTarget section */
		56658C272B8A974400425FC1 /* Fetch-iOS */ = {
			isa = PBXNativeTarget;
			buildConfigurationList = 56658C4C2B8A974600425FC1 /* Build configuration list for PBXNativeTarget "Fetch-iOS" */;
			buildPhases = (
				56658C242B8A974400425FC1 /* Sources */,
				56658C252B8A974400425FC1 /* Frameworks */,
				56658C262B8A974400425FC1 /* Resources */,
			);
			buildRules = (
			);
			dependencies = (
			);
			name = "Fetch-iOS";
			productName = "Fetch-iOS";
			productReference = 56658C282B8A974400425FC1 /* Fetch-iOS.app */;
			productType = "com.apple.product-type.application";
		};
		56658C372B8A974600425FC1 /* Fetch-iOSTests */ = {
			isa = PBXNativeTarget;
			buildConfigurationList = 56658C4F2B8A974600425FC1 /* Build configuration list for PBXNativeTarget "Fetch-iOSTests" */;
			buildPhases = (
				56658C342B8A974600425FC1 /* Sources */,
				56658C352B8A974600425FC1 /* Frameworks */,
				56658C362B8A974600425FC1 /* Resources */,
			);
			buildRules = (
			);
			dependencies = (
				56658C3A2B8A974600425FC1 /* PBXTargetDependency */,
			);
			name = "Fetch-iOSTests";
			productName = "Fetch-iOSTests";
			productReference = 56658C382B8A974600425FC1 /* Fetch-iOSTests.xctest */;
			productType = "com.apple.product-type.bundle.unit-test";
		};
		56658C412B8A974600425FC1 /* Fetch-iOSUITests */ = {
			isa = PBXNativeTarget;
			buildConfigurationList = 56658C522B8A974600425FC1 /* Build configuration list for PBXNativeTarget "Fetch-iOSUITests" */;
			buildPhases = (
				56658C3E2B8A974600425FC1 /* Sources */,
				56658C3F2B8A974600425FC1 /* Frameworks */,
				56658C402B8A974600425FC1 /* Resources */,
			);
			buildRules = (
			);
			dependencies = (
				56658C442B8A974600425FC1 /* PBXTargetDependency */,
			);
			name = "Fetch-iOSUITests";
			productName = "Fetch-iOSUITests";
			productReference = 56658C422B8A974600425FC1 /* Fetch-iOSUITests.xctest */;
			productType = "com.apple.product-type.bundle.ui-testing";
		};
/* End PBXNativeTarget section */

/* Begin PBXProject section */
		56658C202B8A974400425FC1 /* Project object */ = {
			isa = PBXProject;
			attributes = {
				BuildIndependentTargetsInParallel = 1;
				LastSwiftUpdateCheck = 1520;
				LastUpgradeCheck = 1520;
				TargetAttributes = {
					56658C272B8A974400425FC1 = {
						CreatedOnToolsVersion = 15.2;
					};
					56658C372B8A974600425FC1 = {
						CreatedOnToolsVersion = 15.2;
						TestTargetID = 56658C272B8A974400425FC1;
					};
					56658C412B8A974600425FC1 = {
						CreatedOnToolsVersion = 15.2;
						TestTargetID = 56658C272B8A974400425FC1;
					};
				};
			};
			buildConfigurationList = 56658C232B8A974400425FC1 /* Build configuration list for PBXProject "Fetch-iOS" */;
			compatibilityVersion = "Xcode 14.0";
			developmentRegion = en;
			hasScannedForEncodings = 0;
			knownRegions = (
				en,
				Base,
			);
			mainGroup = 56658C1F2B8A974400425FC1;
			productRefGroup = 56658C292B8A974400425FC1 /* Products */;
			projectDirPath = "";
			projectRoot = "";
			targets = (
				56658C272B8A974400425FC1 /* Fetch-iOS */,
				56658C372B8A974600425FC1 /* Fetch-iOSTests */,
				56658C412B8A974600425FC1 /* Fetch-iOSUITests */,
			);
		};
/* End PBXProject section */

/* Begin PBXResourcesBuildPhase section */
		56658C262B8A974400425FC1 /* Resources */ = {
			isa = PBXResourcesBuildPhase;
			buildActionMask = 2147483647;
			files = (
				56658C332B8A974600425FC1 /* Preview Assets.xcassets in Resources */,
				56658C302B8A974600425FC1 /* Assets.xcassets in Resources */,
			);
			runOnlyForDeploymentPostprocessing = 0;
		};
		56658C362B8A974600425FC1 /* Resources */ = {
			isa = PBXResourcesBuildPhase;
			buildActionMask = 2147483647;
			files = (
			);
			runOnlyForDeploymentPostprocessing = 0;
		};
		56658C402B8A974600425FC1 /* Resources */ = {
			isa = PBXResourcesBuildPhase;
			buildActionMask = 2147483647;
			files = (
			);
			runOnlyForDeploymentPostprocessing = 0;
		};
/* End PBXResourcesBuildPhase section */

/* Begin PBXSourcesBuildPhase section */
		56658C242B8A974400425FC1 /* Sources */ = {
			isa = PBXSourcesBuildPhase;
			buildActionMask = 2147483647;
			files = (
				56658C2E2B8A974400425FC1 /* ContentView.swift in Sources */,
				56658C5C2B8BCD1900425FC1 /* DetailView.swift in Sources */,
				56658C5A2B8BB59300425FC1 /* CardView.swift in Sources */,
				56658C2C2B8A974400425FC1 /* Fetch_iOSApp.swift in Sources */,
			);
			runOnlyForDeploymentPostprocessing = 0;
		};
		56658C342B8A974600425FC1 /* Sources */ = {
			isa = PBXSourcesBuildPhase;
			buildActionMask = 2147483647;
			files = (
				56658C3D2B8A974600425FC1 /* Fetch_iOSTests.swift in Sources */,
			);
			runOnlyForDeploymentPostprocessing = 0;
		};
		56658C3E2B8A974600425FC1 /* Sources */ = {
			isa = PBXSourcesBuildPhase;
			buildActionMask = 2147483647;
			files = (
				56658C472B8A974600425FC1 /* Fetch_iOSUITests.swift in Sources */,
				56658C492B8A974600425FC1 /* Fetch_iOSUITestsLaunchTests.swift in Sources */,
			);
			runOnlyForDeploymentPostprocessing = 0;
		};
/* End PBXSourcesBuildPhase section */

/* Begin PBXTargetDependency section */
		56658C3A2B8A974600425FC1 /* PBXTargetDependency */ = {
			isa = PBXTargetDependency;
			target = 56658C272B8A974400425FC1 /* Fetch-iOS */;
			targetProxy = 56658C392B8A974600425FC1 /* PBXContainerItemProxy */;
		};
		56658C442B8A974600425FC1 /* PBXTargetDependency */ = {
			isa = PBXTargetDependency;
			target = 56658C272B8A974400425FC1 /* Fetch-iOS */;
			targetProxy = 56658C432B8A974600425FC1 /* PBXContainerItemProxy */;
		};
/* End PBXTargetDependency section */

/* Begin XCBuildConfiguration section */
		56658C4A2B8A974600425FC1 /* Debug */ = {
			isa = XCBuildConfiguration;
			buildSettings = {
				ALWAYS_SEARCH_USER_PATHS = NO;
				ASSETCATALOG_COMPILER_GENERATE_SWIFT_ASSET_SYMBOL_EXTENSIONS = YES;
				CLANG_ANALYZER_NONNULL = YES;
				CLANG_ANALYZER_NUMBER_OBJECT_CONVERSION = YES_AGGRESSIVE;
				CLANG_CXX_LANGUAGE_STANDARD = "gnu++20";
				CLANG_ENABLE_MODULES = YES;
				CLANG_ENABLE_OBJC_ARC = YES;
				CLANG_ENABLE_OBJC_WEAK = YES;
				CLANG_WARN_BLOCK_CAPTURE_AUTORELEASING = YES;
				CLANG_WARN_BOOL_CONVERSION = YES;
				CLANG_WARN_COMMA = YES;
				CLANG_WARN_CONSTANT_CONVERSION = YES;
				CLANG_WARN_DEPRECATED_OBJC_IMPLEMENTATIONS = YES;
				CLANG_WARN_DIRECT_OBJC_ISA_USAGE = YES_ERROR;
				CLANG_WARN_DOCUMENTATION_COMMENTS = YES;
				CLANG_WARN_EMPTY_BODY = YES;
				CLANG_WARN_ENUM_CONVERSION = YES;
				CLANG_WARN_INFINITE_RECURSION = YES;
				CLANG_WARN_INT_CONVERSION = YES;
				CLANG_WARN_NON_LITERAL_NULL_CONVERSION = YES;
				CLANG_WARN_OBJC_IMPLICIT_RETAIN_SELF = YES;
				CLANG_WARN_OBJC_LITERAL_CONVERSION = YES;
				CLANG_WARN_OBJC_ROOT_CLASS = YES_ERROR;
				CLANG_WARN_QUOTED_INCLUDE_IN_FRAMEWORK_HEADER = YES;
				CLANG_WARN_RANGE_LOOP_ANALYSIS = YES;
				CLANG_WARN_STRICT_PROTOTYPES = YES;
				CLANG_WARN_SUSPICIOUS_MOVE = YES;
				CLANG_WARN_UNGUARDED_AVAILABILITY = YES_AGGRESSIVE;
				CLANG_WARN_UNREACHABLE_CODE = YES;
				CLANG_WARN__DUPLICATE_METHOD_MATCH = YES;
				COPY_PHASE_STRIP = NO;
				DEBUG_INFORMATION_FORMAT = dwarf;
				ENABLE_STRICT_OBJC_MSGSEND = YES;
				ENABLE_TESTABILITY = YES;
				ENABLE_USER_SCRIPT_SANDBOXING = YES;
				GCC_C_LANGUAGE_STANDARD = gnu17;
				GCC_DYNAMIC_NO_PIC = NO;
				GCC_NO_COMMON_BLOCKS = YES;
				GCC_OPTIMIZATION_LEVEL = 0;
				GCC_PREPROCESSOR_DEFINITIONS = (
					"DEBUG=1",
					"$(inherited)",
				);
				GCC_WARN_64_TO_32_BIT_CONVERSION = YES;
				GCC_WARN_ABOUT_RETURN_TYPE = YES_ERROR;
				GCC_WARN_UNDECLARED_SELECTOR = YES;
				GCC_WARN_UNINITIALIZED_AUTOS = YES_AGGRESSIVE;
				GCC_WARN_UNUSED_FUNCTION = YES;
				GCC_WARN_UNUSED_VARIABLE = YES;
				IPHONEOS_DEPLOYMENT_TARGET = 17.2;
				LOCALIZATION_PREFERS_STRING_CATALOGS = YES;
				MTL_ENABLE_DEBUG_INFO = INCLUDE_SOURCE;
				MTL_FAST_MATH = YES;
				ONLY_ACTIVE_ARCH = YES;
				SDKROOT = iphoneos;
				SWIFT_ACTIVE_COMPILATION_CONDITIONS = "DEBUG $(inherited)";
				SWIFT_OPTIMIZATION_LEVEL = "-Onone";
			};
			name = Debug;
		};
		56658C4B2B8A974600425FC1 /* Release */ = {
			isa = XCBuildConfiguration;
			buildSettings = {
				ALWAYS_SEARCH_USER_PATHS = NO;
				ASSETCATALOG_COMPILER_GENERATE_SWIFT_ASSET_SYMBOL_EXTENSIONS = YES;
				CLANG_ANALYZER_NONNULL = YES;
				CLANG_ANALYZER_NUMBER_OBJECT_CONVERSION = YES_AGGRESSIVE;
				CLANG_CXX_LANGUAGE_STANDARD = "gnu++20";
				CLANG_ENABLE_MODULES = YES;
				CLANG_ENABLE_OBJC_ARC = YES;
				CLANG_ENABLE_OBJC_WEAK = YES;
				CLANG_WARN_BLOCK_CAPTURE_AUTORELEASING = YES;
				CLANG_WARN_BOOL_CONVERSION = YES;
				CLANG_WARN_COMMA = YES;
				CLANG_WARN_CONSTANT_CONVERSION = YES;
				CLANG_WARN_DEPRECATED_OBJC_IMPLEMENTATIONS = YES;
				CLANG_WARN_DIRECT_OBJC_ISA_USAGE = YES_ERROR;
				CLANG_WARN_DOCUMENTATION_COMMENTS = YES;
				CLANG_WARN_EMPTY_BODY = YES;
				CLANG_WARN_ENUM_CONVERSION = YES;
				CLANG_WARN_INFINITE_RECURSION = YES;
				CLANG_WARN_INT_CONVERSION = YES;
				CLANG_WARN_NON_LITERAL_NULL_CONVERSION = YES;
				CLANG_WARN_OBJC_IMPLICIT_RETAIN_SELF = YES;
				CLANG_WARN_OBJC_LITERAL_CONVERSION = YES;
				CLANG_WARN_OBJC_ROOT_CLASS = YES_ERROR;
				CLANG_WARN_QUOTED_INCLUDE_IN_FRAMEWORK_HEADER = YES;
				CLANG_WARN_RANGE_LOOP_ANALYSIS = YES;
				CLANG_WARN_STRICT_PROTOTYPES = YES;
				CLANG_WARN_SUSPICIOUS_MOVE = YES;
				CLANG_WARN_UNGUARDED_AVAILABILITY = YES_AGGRESSIVE;
				CLANG_WARN_UNREACHABLE_CODE = YES;
				CLANG_WARN__DUPLICATE_METHOD_MATCH = YES;
				COPY_PHASE_STRIP = NO;
				DEBUG_INFORMATION_FORMAT = "dwarf-with-dsym";
				ENABLE_NS_ASSERTIONS = NO;
				ENABLE_STRICT_OBJC_MSGSEND = YES;
				ENABLE_USER_SCRIPT_SANDBOXING = YES;
				GCC_C_LANGUAGE_STANDARD = gnu17;
				GCC_NO_COMMON_BLOCKS = YES;
				GCC_WARN_64_TO_32_BIT_CONVERSION = YES;
				GCC_WARN_ABOUT_RETURN_TYPE = YES_ERROR;
				GCC_WARN_UNDECLARED_SELECTOR = YES;
				GCC_WARN_UNINITIALIZED_AUTOS = YES_AGGRESSIVE;
				GCC_WARN_UNUSED_FUNCTION = YES;
				GCC_WARN_UNUSED_VARIABLE = YES;
				IPHONEOS_DEPLOYMENT_TARGET = 17.2;
				LOCALIZATION_PREFERS_STRING_CATALOGS = YES;
				MTL_ENABLE_DEBUG_INFO = NO;
				MTL_FAST_MATH = YES;
				SDKROOT = iphoneos;
				SWIFT_COMPILATION_MODE = wholemodule;
				VALIDATE_PRODUCT = YES;
			};
			name = Release;
		};
		56658C4D2B8A974600425FC1 /* Debug */ = {
			isa = XCBuildConfiguration;
			buildSettings = {
				ASSETCATALOG_COMPILER_APPICON_NAME = AppIcon;
				ASSETCATALOG_COMPILER_GLOBAL_ACCENT_COLOR_NAME = AccentColor;
				CODE_SIGN_STYLE = Automatic;
				CURRENT_PROJECT_VERSION = 1;
				DEVELOPMENT_ASSET_PATHS = "\"Fetch-iOS/Preview Content\"";
				ENABLE_PREVIEWS = YES;
				GENERATE_INFOPLIST_FILE = YES;
				INFOPLIST_KEY_UIApplicationSceneManifest_Generation = YES;
				INFOPLIST_KEY_UIApplicationSupportsIndirectInputEvents = YES;
				INFOPLIST_KEY_UILaunchScreen_Generation = YES;
				INFOPLIST_KEY_UISupportedInterfaceOrientations_iPad = "UIInterfaceOrientationPortrait UIInterfaceOrientationPortraitUpsideDown UIInterfaceOrientationLandscapeLeft UIInterfaceOrientationLandscapeRight";
				INFOPLIST_KEY_UISupportedInterfaceOrientations_iPhone = "UIInterfaceOrientationPortrait UIInterfaceOrientationLandscapeLeft UIInterfaceOrientationLandscapeRight";
				LD_RUNPATH_SEARCH_PATHS = (
					"$(inherited)",
					"@executable_path/Frameworks",
				);
				MARKETING_VERSION = 1.0;
				PRODUCT_BUNDLE_IDENTIFIER = "wyatt.Fetch-iOS";
				PRODUCT_NAME = "$(TARGET_NAME)";
				SWIFT_EMIT_LOC_STRINGS = YES;
				SWIFT_VERSION = 5.0;
				TARGETED_DEVICE_FAMILY = "1,2";
			};
			name = Debug;
		};
		56658C4E2B8A974600425FC1 /* Release */ = {
			isa = XCBuildConfiguration;
			buildSettings = {
				ASSETCATALOG_COMPILER_APPICON_NAME = AppIcon;
				ASSETCATALOG_COMPILER_GLOBAL_ACCENT_COLOR_NAME = AccentColor;
				CODE_SIGN_STYLE = Automatic;
				CURRENT_PROJECT_VERSION = 1;
				DEVELOPMENT_ASSET_PATHS = "\"Fetch-iOS/Preview Content\"";
				ENABLE_PREVIEWS = YES;
				GENERATE_INFOPLIST_FILE = YES;
				INFOPLIST_KEY_UIApplicationSceneManifest_Generation = YES;
				INFOPLIST_KEY_UIApplicationSupportsIndirectInputEvents = YES;
				INFOPLIST_KEY_UILaunchScreen_Generation = YES;
				INFOPLIST_KEY_UISupportedInterfaceOrientations_iPad = "UIInterfaceOrientationPortrait UIInterfaceOrientationPortraitUpsideDown UIInterfaceOrientationLandscapeLeft UIInterfaceOrientationLandscapeRight";
				INFOPLIST_KEY_UISupportedInterfaceOrientations_iPhone = "UIInterfaceOrientationPortrait UIInterfaceOrientationLandscapeLeft UIInterfaceOrientationLandscapeRight";
				LD_RUNPATH_SEARCH_PATHS = (
					"$(inherited)",
					"@executable_path/Frameworks",
				);
				MARKETING_VERSION = 1.0;
				PRODUCT_BUNDLE_IDENTIFIER = "wyatt.Fetch-iOS";
				PRODUCT_NAME = "$(TARGET_NAME)";
				SWIFT_EMIT_LOC_STRINGS = YES;
				SWIFT_VERSION = 5.0;
				TARGETED_DEVICE_FAMILY = "1,2";
			};
			name = Release;
		};
		56658C502B8A974600425FC1 /* Debug */ = {
			isa = XCBuildConfiguration;
			buildSettings = {
				ALWAYS_EMBED_SWIFT_STANDARD_LIBRARIES = YES;
				BUNDLE_LOADER = "$(TEST_HOST)";
				CODE_SIGN_STYLE = Automatic;
				CURRENT_PROJECT_VERSION = 1;
				GENERATE_INFOPLIST_FILE = YES;
				IPHONEOS_DEPLOYMENT_TARGET = 17.2;
				MARKETING_VERSION = 1.0;
				PRODUCT_BUNDLE_IDENTIFIER = "wyatt.Fetch-iOSTests";
				PRODUCT_NAME = "$(TARGET_NAME)";
				SWIFT_EMIT_LOC_STRINGS = NO;
				SWIFT_VERSION = 5.0;
				TARGETED_DEVICE_FAMILY = "1,2";
				TEST_HOST = "$(BUILT_PRODUCTS_DIR)/Fetch-iOS.app/$(BUNDLE_EXECUTABLE_FOLDER_PATH)/Fetch-iOS";
			};
			name = Debug;
		};
		56658C512B8A974600425FC1 /* Release */ = {
			isa = XCBuildConfiguration;
			buildSettings = {
				ALWAYS_EMBED_SWIFT_STANDARD_LIBRARIES = YES;
				BUNDLE_LOADER = "$(TEST_HOST)";
				CODE_SIGN_STYLE = Automatic;
				CURRENT_PROJECT_VERSION = 1;
				GENERATE_INFOPLIST_FILE = YES;
				IPHONEOS_DEPLOYMENT_TARGET = 17.2;
				MARKETING_VERSION = 1.0;
				PRODUCT_BUNDLE_IDENTIFIER = "wyatt.Fetch-iOSTests";
				PRODUCT_NAME = "$(TARGET_NAME)";
				SWIFT_EMIT_LOC_STRINGS = NO;
				SWIFT_VERSION = 5.0;
				TARGETED_DEVICE_FAMILY = "1,2";
				TEST_HOST = "$(BUILT_PRODUCTS_DIR)/Fetch-iOS.app/$(BUNDLE_EXECUTABLE_FOLDER_PATH)/Fetch-iOS";
			};
			name = Release;
		};
		56658C532B8A974600425FC1 /* Debug */ = {
			isa = XCBuildConfiguration;
			buildSettings = {
				ALWAYS_EMBED_SWIFT_STANDARD_LIBRARIES = YES;
				CODE_SIGN_STYLE = Automatic;
				CURRENT_PROJECT_VERSION = 1;
				GENERATE_INFOPLIST_FILE = YES;
				MARKETING_VERSION = 1.0;
				PRODUCT_BUNDLE_IDENTIFIER = "wyatt.Fetch-iOSUITests";
				PRODUCT_NAME = "$(TARGET_NAME)";
				SWIFT_EMIT_LOC_STRINGS = NO;
				SWIFT_VERSION = 5.0;
				TARGETED_DEVICE_FAMILY = "1,2";
				TEST_TARGET_NAME = "Fetch-iOS";
			};
			name = Debug;
		};
		56658C542B8A974600425FC1 /* Release */ = {
			isa = XCBuildConfiguration;
			buildSettings = {
				ALWAYS_EMBED_SWIFT_STANDARD_LIBRARIES = YES;
				CODE_SIGN_STYLE = Automatic;
				CURRENT_PROJECT_VERSION = 1;
				GENERATE_INFOPLIST_FILE = YES;
				MARKETING_VERSION = 1.0;
				PRODUCT_BUNDLE_IDENTIFIER = "wyatt.Fetch-iOSUITests";
				PRODUCT_NAME = "$(TARGET_NAME)";
				SWIFT_EMIT_LOC_STRINGS = NO;
				SWIFT_VERSION = 5.0;
				TARGETED_DEVICE_FAMILY = "1,2";
				TEST_TARGET_NAME = "Fetch-iOS";
			};
			name = Release;
		};
/* End XCBuildConfiguration section */

/* Begin XCConfigurationList section */
		56658C232B8A974400425FC1 /* Build configuration list for PBXProject "Fetch-iOS" */ = {
			isa = XCConfigurationList;
			buildConfigurations = (
				56658C4A2B8A974600425FC1 /* Debug */,
				56658C4B2B8A974600425FC1 /* Release */,
			);
			defaultConfigurationIsVisible = 0;
			defaultConfigurationName = Release;
		};
		56658C4C2B8A974600425FC1 /* Build configuration list for PBXNativeTarget "Fetch-iOS" */ = {
			isa = XCConfigurationList;
			buildConfigurations = (
				56658C4D2B8A974600425FC1 /* Debug */,
				56658C4E2B8A974600425FC1 /* Release */,
			);
			defaultConfigurationIsVisible = 0;
			defaultConfigurationName = Release;
		};
		56658C4F2B8A974600425FC1 /* Build configuration list for PBXNativeTarget "Fetch-iOSTests" */ = {
			isa = XCConfigurationList;
			buildConfigurations = (
				56658C502B8A974600425FC1 /* Debug */,
				56658C512B8A974600425FC1 /* Release */,
			);
			defaultConfigurationIsVisible = 0;
			defaultConfigurationName = Release;
		};
		56658C522B8A974600425FC1 /* Build configuration list for PBXNativeTarget "Fetch-iOSUITests" */ = {
			isa = XCConfigurationList;
			buildConfigurations = (
				56658C532B8A974600425FC1 /* Debug */,
				56658C542B8A974600425FC1 /* Release */,
			);
			defaultConfigurationIsVisible = 0;
			defaultConfigurationName = Release;
		};
/* End XCConfigurationList section */
	};
	rootObject = 56658C202B8A974400425FC1 /* Project object */;
}
